
Microsoft Visual Studio Solution File, Format Version 12.00
# Visual Studio Version 17
VisualStudioVersion = 17.4.33205.214
MinimumVisualStudioVersion = 10.0.40219.1
Project("{FAE04EC0-301F-11D3-BF4B-00C04F79EFBC}") = "OgrenciEklemeRastgeleSecme", "OgrenciEklemeRastgeleSecme.csproj", "{A3288E88-4444-4324-8D0C-FA40D6426FDB}"
EndProject
Global
	GlobalSection(SolutionConfigurationPlatforms) = preSolution
		Debug|Any CPU = Debug|Any CPU
		Release|Any CPU = Release|Any CPU
	EndGlobalSection
	GlobalSection(ProjectConfigurationPlatforms) = postSolution
		{A3288E88-4444-4324-8D0C-FA40D6426FDB}.Debug|Any CPU.ActiveCfg = Debug|Any CPU
		{A3288E88-4444-4324-8D0C-FA40D6426FDB}.Debug|Any CPU.Build.0 = Debug|Any CPU
		{A3288E88-4444-4324-8D0C-FA40D6426FDB}.Release|Any CPU.ActiveCfg = Release|Any CPU
		{A3288E88-4444-4324-8D0C-FA40D6426FDB}.Release|Any CPU.Build.0 = Release|Any CPU
	EndGlobalSection
	GlobalSection(SolutionProperties) = preSolution
		HideSolutionNode = FALSE
	EndGlobalSection
	GlobalSection(ExtensibilityGlobals) = postSolution
		SolutionGuid = {05EE9EA2-2FF8-44AB-AD4C-373A7295B5A2}
	EndGlobalSection
EndGlobal
